
Microsoft Visual Studio Solution File, Format Version 12.00
# Visual Studio Version 16
VisualStudioVersion = 16.0.31129.286
MinimumVisualStudioVersion = 10.0.40219.1
Project("{FAE04EC0-301F-11D3-BF4B-00C04F79EFBC}") = "Mealbox", "Mealbox\Mealbox.csproj", "{DDCA531D-EA3B-4144-9503-06CFD8C8B972}"
EndProject
Global
	GlobalSection(SolutionConfigurationPlatforms) = preSolution
		Debug|Any CPU = Debug|Any CPU
		Release|Any CPU = Release|Any CPU
	EndGlobalSection
	GlobalSection(ProjectConfigurationPlatforms) = postSolution
		{DDCA531D-EA3B-4144-9503-06CFD8C8B972}.Debug|Any CPU.ActiveCfg = Debug|Any CPU
		{DDCA531D-EA3B-4144-9503-06CFD8C8B972}.Debug|Any CPU.Build.0 = Debug|Any CPU
		{DDCA531D-EA3B-4144-9503-06CFD8C8B972}.Release|Any CPU.ActiveCfg = Release|Any CPU
		{DDCA531D-EA3B-4144-9503-06CFD8C8B972}.Release|Any CPU.Build.0 = Release|Any CPU
	EndGlobalSection
	GlobalSection(SolutionProperties) = preSolution
		HideSolutionNode = FALSE
	EndGlobalSection
	GlobalSection(ExtensibilityGlobals) = postSolution
		SolutionGuid = {90916D49-2D31-41E4-B99E-A4F36016A505}
	EndGlobalSection
EndGlobal
